// !$*UTF8*$!
{
	archiveVersion = 1;
	classes = {
	};
	objectVersion = 70;
	objects = {

/* Begin PBXBuildFile section */
		5C5F795F2C361F8B00B7BE21 /* CircularProgressView.swift in Sources */ = {isa = PBXBuildFile; fileRef = 5C5F795E2C361F8B00B7BE21 /* CircularProgressView.swift */; };
		5C5F79602C361F8B00B7BE21 /* CircularProgressView.swift in Sources */ = {isa = PBXBuildFile; fileRef = 5C5F795E2C361F8B00B7BE21 /* CircularProgressView.swift */; };
		5C8230542C3E591A00A4EE4B /* TicTacToeMinimax in Frameworks */ = {isa = PBXBuildFile; productRef = 5C8230532C3E591A00A4EE4B /* TicTacToeMinimax */; };
		5CB6A5972C33665F007BDA97 /* HandPoseCountingMacApp.swift in Sources */ = {isa = PBXBuildFile; fileRef = 5CB6A5962C33665F007BDA97 /* HandPoseCountingMacApp.swift */; };
		5CB6A5992C33665F007BDA97 /* ContentView.swift in Sources */ = {isa = PBXBuildFile; fileRef = 5CB6A5982C33665F007BDA97 /* ContentView.swift */; };
		5CB6A59B2C336661007BDA97 /* Assets.xcassets in Resources */ = {isa = PBXBuildFile; fileRef = 5CB6A59A2C336661007BDA97 /* Assets.xcassets */; };
		5CB6A59E2C336661007BDA97 /* Preview Assets.xcassets in Resources */ = {isa = PBXBuildFile; fileRef = 5CB6A59D2C336661007BDA97 /* Preview Assets.xcassets */; };
		5CB6A5A52C3370C4007BDA97 /* HandPoseCountingClassifier.mlmodel in Sources */ = {isa = PBXBuildFile; fileRef = 5CB6A58E2C3261CF007BDA97 /* HandPoseCountingClassifier.mlmodel */; };
		5CB6A5A72C3371A0007BDA97 /* HandPoseUtils.swift in Sources */ = {isa = PBXBuildFile; fileRef = 5CB6A57C2C326194007BDA97 /* HandPoseUtils.swift */; };
		5CB6A5A82C3371AF007BDA97 /* HandPoseMLModel.swift in Sources */ = {isa = PBXBuildFile; fileRef = 5CB6A57B2C326194007BDA97 /* HandPoseMLModel.swift */; };
		5CB6A5B12C33B251007BDA97 /* HandPoseCountingPhoneApp.swift in Sources */ = {isa = PBXBuildFile; fileRef = 5CB6A5B02C33B251007BDA97 /* HandPoseCountingPhoneApp.swift */; };
		5CB6A5B52C33B253007BDA97 /* Assets.xcassets in Resources */ = {isa = PBXBuildFile; fileRef = 5CB6A5B42C33B253007BDA97 /* Assets.xcassets */; };
		5CB6A5B82C33B253007BDA97 /* Preview Assets.xcassets in Resources */ = {isa = PBXBuildFile; fileRef = 5CB6A5B72C33B253007BDA97 /* Preview Assets.xcassets */; };
		5CB6A5BC2C33B27B007BDA97 /* ContentView.swift in Sources */ = {isa = PBXBuildFile; fileRef = 5CB6A5982C33665F007BDA97 /* ContentView.swift */; };
		5CB6A5BD2C33B28F007BDA97 /* HandPoseCountingClassifier.mlmodel in Sources */ = {isa = PBXBuildFile; fileRef = 5CB6A58E2C3261CF007BDA97 /* HandPoseCountingClassifier.mlmodel */; };
		5CB6A5BE2C33B298007BDA97 /* HandPoseMLModel.swift in Sources */ = {isa = PBXBuildFile; fileRef = 5CB6A57B2C326194007BDA97 /* HandPoseMLModel.swift */; };
		5CB6A5BF2C33B29E007BDA97 /* HandPoseUtils.swift in Sources */ = {isa = PBXBuildFile; fileRef = 5CB6A57C2C326194007BDA97 /* HandPoseUtils.swift */; };
		5CB6A5C22C33C69A007BDA97 /* HandPoseImageView.swift in Sources */ = {isa = PBXBuildFile; fileRef = 5CB6A5C12C33C69A007BDA97 /* HandPoseImageView.swift */; };
		5CB6A5C32C33C69A007BDA97 /* HandPoseImageView.swift in Sources */ = {isa = PBXBuildFile; fileRef = 5CB6A5C12C33C69A007BDA97 /* HandPoseImageView.swift */; };
		5CF7D1442C48A7D900AE056C /* CircularProgressView.swift in Sources */ = {isa = PBXBuildFile; fileRef = 5C5F795E2C361F8B00B7BE21 /* CircularProgressView.swift */; };
		5CF7D1452C48A7F400AE056C /* HandPoseUtils.swift in Sources */ = {isa = PBXBuildFile; fileRef = 5CB6A57C2C326194007BDA97 /* HandPoseUtils.swift */; };
		5CF7D1462C48A7F400AE056C /* HandPoseMLModel.swift in Sources */ = {isa = PBXBuildFile; fileRef = 5CB6A57B2C326194007BDA97 /* HandPoseMLModel.swift */; };
		5CF7D1472C48A80E00AE056C /* HandPoseCountingClassifier.mlmodel in Sources */ = {isa = PBXBuildFile; fileRef = 5CB6A58E2C3261CF007BDA97 /* HandPoseCountingClassifier.mlmodel */; };
		5CF7D1482C48A82A00AE056C /* HandPoseImageView.swift in Sources */ = {isa = PBXBuildFile; fileRef = 5CB6A5C12C33C69A007BDA97 /* HandPoseImageView.swift */; };
		5CF7D14A2C48A90100AE056C /* TicTacToeMinimax in Frameworks */ = {isa = PBXBuildFile; productRef = 5CF7D1492C48A90100AE056C /* TicTacToeMinimax */; };
/* End PBXBuildFile section */

/* Begin PBXFileReference section */
		5C5F795E2C361F8B00B7BE21 /* CircularProgressView.swift */ = {isa = PBXFileReference; lastKnownFileType = sourcecode.swift; path = CircularProgressView.swift; sourceTree = "<group>"; };
		5CB6A57B2C326194007BDA97 /* HandPoseMLModel.swift */ = {isa = PBXFileReference; lastKnownFileType = sourcecode.swift; path = HandPoseMLModel.swift; sourceTree = "<group>"; };
		5CB6A57C2C326194007BDA97 /* HandPoseUtils.swift */ = {isa = PBXFileReference; lastKnownFileType = sourcecode.swift; path = HandPoseUtils.swift; sourceTree = "<group>"; };
		5CB6A58E2C3261CF007BDA97 /* HandPoseCountingClassifier.mlmodel */ = {isa = PBXFileReference; lastKnownFileType = file.mlmodel; path = HandPoseCountingClassifier.mlmodel; sourceTree = "<group>"; };
		5CB6A5942C33665F007BDA97 /* HandPoseCountingMac.app */ = {isa = PBXFileReference; explicitFileType = wrapper.application; includeInIndex = 0; path = HandPoseCountingMac.app; sourceTree = BUILT_PRODUCTS_DIR; };
		5CB6A5962C33665F007BDA97 /* HandPoseCountingMacApp.swift */ = {isa = PBXFileReference; lastKnownFileType = sourcecode.swift; path = HandPoseCountingMacApp.swift; sourceTree = "<group>"; };
		5CB6A5982C33665F007BDA97 /* ContentView.swift */ = {isa = PBXFileReference; lastKnownFileType = sourcecode.swift; path = ContentView.swift; sourceTree = "<group>"; };
		5CB6A59A2C336661007BDA97 /* Assets.xcassets */ = {isa = PBXFileReference; lastKnownFileType = folder.assetcatalog; path = Assets.xcassets; sourceTree = "<group>"; };
		5CB6A59D2C336661007BDA97 /* Preview Assets.xcassets */ = {isa = PBXFileReference; lastKnownFileType = folder.assetcatalog; path = "Preview Assets.xcassets"; sourceTree = "<group>"; };
		5CB6A59F2C336661007BDA97 /* HandPoseCountingMac.entitlements */ = {isa = PBXFileReference; lastKnownFileType = text.plist.entitlements; path = HandPoseCountingMac.entitlements; sourceTree = "<group>"; };
		5CB6A5AE2C33B251007BDA97 /* HandPoseCountingPhone.app */ = {isa = PBXFileReference; explicitFileType = wrapper.application; includeInIndex = 0; path = HandPoseCountingPhone.app; sourceTree = BUILT_PRODUCTS_DIR; };
		5CB6A5B02C33B251007BDA97 /* HandPoseCountingPhoneApp.swift */ = {isa = PBXFileReference; lastKnownFileType = sourcecode.swift; path = HandPoseCountingPhoneApp.swift; sourceTree = "<group>"; };
		5CB6A5B42C33B253007BDA97 /* Assets.xcassets */ = {isa = PBXFileReference; lastKnownFileType = folder.assetcatalog; path = Assets.xcassets; sourceTree = "<group>"; };
		5CB6A5B72C33B253007BDA97 /* Preview Assets.xcassets */ = {isa = PBXFileReference; lastKnownFileType = folder.assetcatalog; path = "Preview Assets.xcassets"; sourceTree = "<group>"; };
		5CB6A5C12C33C69A007BDA97 /* HandPoseImageView.swift */ = {isa = PBXFileReference; lastKnownFileType = sourcecode.swift; path = HandPoseImageView.swift; sourceTree = "<group>"; };
		5CF7D1312C48A6CE00AE056C /* HandPoseTicTacToe.app */ = {isa = PBXFileReference; explicitFileType = wrapper.application; includeInIndex = 0; path = HandPoseTicTacToe.app; sourceTree = BUILT_PRODUCTS_DIR; };
/* End PBXFileReference section */

/* Begin PBXFileSystemSynchronizedBuildFileExceptionSet section */
		5C8230552C40AED600A4EE4B /* PBXFileSystemSynchronizedBuildFileExceptionSet */ = {
			isa = PBXFileSystemSynchronizedBuildFileExceptionSet;
			membershipExceptions = (
				CameraViewModel.swift,
				"CameraViewModel+Devices.swift",
			);
			target = 5CB6A5AD2C33B251007BDA97 /* HandPoseCountingPhone */;
		};
		5C83CCAA2C3E566A00F95AB0 /* PBXFileSystemSynchronizedBuildFileExceptionSet */ = {
			isa = PBXFileSystemSynchronizedBuildFileExceptionSet;
			membershipExceptions = (
				CameraViewModel.swift,
				"CameraViewModel+Devices.swift",
			);
			target = 5CB6A5932C33665F007BDA97 /* HandPoseCountingMac */;
		};
		5CF7D1412C48A7B500AE056C /* PBXFileSystemSynchronizedBuildFileExceptionSet */ = {
			isa = PBXFileSystemSynchronizedBuildFileExceptionSet;
			membershipExceptions = (
				CameraViewModel.swift,
				"CameraViewModel+Devices.swift",
				TicTacToeGameViewModel.swift,
			);
			target = 5CF7D1302C48A6CE00AE056C /* HandPoseTicTacToe */;
		};
/* End PBXFileSystemSynchronizedBuildFileExceptionSet section */

/* Begin PBXFileSystemSynchronizedRootGroup section */
		5C83CCA72C3E563900F95AB0 /* ViewModel */ = {isa = PBXFileSystemSynchronizedRootGroup; exceptions = (5C83CCAA2C3E566A00F95AB0 /* PBXFileSystemSynchronizedBuildFileExceptionSet */, 5C8230552C40AED600A4EE4B /* PBXFileSystemSynchronizedBuildFileExceptionSet */, 5CF7D1412C48A7B500AE056C /* PBXFileSystemSynchronizedBuildFileExceptionSet */, ); explicitFileTypes = {}; explicitFolders = (); path = ViewModel; sourceTree = "<group>"; };
		5CF7D1322C48A6CE00AE056C /* HandPoseTicTacToe */ = {isa = PBXFileSystemSynchronizedRootGroup; explicitFileTypes = {}; explicitFolders = (); path = HandPoseTicTacToe; sourceTree = "<group>"; };
/* End PBXFileSystemSynchronizedRootGroup section */

/* Begin PBXFrameworksBuildPhase section */
		5CB6A5912C33665F007BDA97 /* Frameworks */ = {
			isa = PBXFrameworksBuildPhase;
			buildActionMask = 2147483647;
			files = (
				5C8230542C3E591A00A4EE4B /* TicTacToeMinimax in Frameworks */,
			);
			runOnlyForDeploymentPostprocessing = 0;
		};
		5CB6A5AB2C33B251007BDA97 /* Frameworks */ = {
			isa = PBXFrameworksBuildPhase;
			buildActionMask = 2147483647;
			files = (
			);
			runOnlyForDeploymentPostprocessing = 0;
		};
		5CF7D12E2C48A6CE00AE056C /* Frameworks */ = {
			isa = PBXFrameworksBuildPhase;
			buildActionMask = 2147483647;
			files = (
				5CF7D14A2C48A90100AE056C /* TicTacToeMinimax in Frameworks */,
			);
			runOnlyForDeploymentPostprocessing = 0;
		};
/* End PBXFrameworksBuildPhase section */

/* Begin PBXGroup section */
		5C83CCAB2C3E572500F95AB0 /* Frameworks */ = {
			isa = PBXGroup;
			children = (
			);
			name = Frameworks;
			sourceTree = "<group>";
		};
		5CB6A55E2C32614F007BDA97 = {
			isa = PBXGroup;
			children = (
				5C83CCA72C3E563900F95AB0 /* ViewModel */,
				5CB6A5C42C33C8D7007BDA97 /* View */,
				5CB6A5A92C337D7F007BDA97 /* ML */,
				5CB6A5952C33665F007BDA97 /* HandPoseCountingMac */,
				5CB6A5AF2C33B251007BDA97 /* HandPoseCountingPhone */,
				5CF7D1322C48A6CE00AE056C /* HandPoseTicTacToe */,
				5CB6A5682C32614F007BDA97 /* Products */,
				5C83CCAB2C3E572500F95AB0 /* Frameworks */,
			);
			sourceTree = "<group>";
		};
		5CB6A5682C32614F007BDA97 /* Products */ = {
			isa = PBXGroup;
			children = (
				5CB6A5942C33665F007BDA97 /* HandPoseCountingMac.app */,
				5CB6A5AE2C33B251007BDA97 /* HandPoseCountingPhone.app */,
				5CF7D1312C48A6CE00AE056C /* HandPoseTicTacToe.app */,
			);
			name = Products;
			sourceTree = "<group>";
		};
		5CB6A5952C33665F007BDA97 /* HandPoseCountingMac */ = {
			isa = PBXGroup;
			children = (
				5CB6A5962C33665F007BDA97 /* HandPoseCountingMacApp.swift */,
				5CB6A59A2C336661007BDA97 /* Assets.xcassets */,
				5CB6A59F2C336661007BDA97 /* HandPoseCountingMac.entitlements */,
				5CB6A59C2C336661007BDA97 /* Preview Content */,
			);
			path = HandPoseCountingMac;
			sourceTree = "<group>";
		};
		5CB6A59C2C336661007BDA97 /* Preview Content */ = {
			isa = PBXGroup;
			children = (
				5CB6A59D2C336661007BDA97 /* Preview Assets.xcassets */,
			);
			path = "Preview Content";
			sourceTree = "<group>";
		};
		5CB6A5A92C337D7F007BDA97 /* ML */ = {
			isa = PBXGroup;
			children = (
				5CB6A58E2C3261CF007BDA97 /* HandPoseCountingClassifier.mlmodel */,
				5CB6A57B2C326194007BDA97 /* HandPoseMLModel.swift */,
				5CB6A57C2C326194007BDA97 /* HandPoseUtils.swift */,
			);
			path = ML;
			sourceTree = "<group>";
		};
		5CB6A5AF2C33B251007BDA97 /* HandPoseCountingPhone */ = {
			isa = PBXGroup;
			children = (
				5CB6A5B02C33B251007BDA97 /* HandPoseCountingPhoneApp.swift */,
				5CB6A5B42C33B253007BDA97 /* Assets.xcassets */,
				5CB6A5B62C33B253007BDA97 /* Preview Content */,
			);
			path = HandPoseCountingPhone;
			sourceTree = "<group>";
		};
		5CB6A5B62C33B253007BDA97 /* Preview Content */ = {
			isa = PBXGroup;
			children = (
				5CB6A5B72C33B253007BDA97 /* Preview Assets.xcassets */,
			);
			path = "Preview Content";
			sourceTree = "<group>";
		};
		5CB6A5C42C33C8D7007BDA97 /* View */ = {
			isa = PBXGroup;
			children = (
				5CB6A5C12C33C69A007BDA97 /* HandPoseImageView.swift */,
				5CB6A5982C33665F007BDA97 /* ContentView.swift */,
				5C5F795E2C361F8B00B7BE21 /* CircularProgressView.swift */,
			);
			path = View;
			sourceTree = "<group>";
		};
/* End PBXGroup section */

/* Begin PBXNativeTarget section */
		5CB6A5932C33665F007BDA97 /* HandPoseCountingMac */ = {
			isa = PBXNativeTarget;
			buildConfigurationList = 5CB6A5A02C336661007BDA97 /* Build configuration list for PBXNativeTarget "HandPoseCountingMac" */;
			buildPhases = (
				5CB6A5902C33665F007BDA97 /* Sources */,
				5CB6A5912C33665F007BDA97 /* Frameworks */,
				5CB6A5922C33665F007BDA97 /* Resources */,
			);
			buildRules = (
			);
			dependencies = (
			);
			name = HandPoseCountingMac;
			productName = HandPoseCountingMac;
			productReference = 5CB6A5942C33665F007BDA97 /* HandPoseCountingMac.app */;
			productType = "com.apple.product-type.application";
		};
		5CB6A5AD2C33B251007BDA97 /* HandPoseCountingPhone */ = {
			isa = PBXNativeTarget;
			buildConfigurationList = 5CB6A5B92C33B253007BDA97 /* Build configuration list for PBXNativeTarget "HandPoseCountingPhone" */;
			buildPhases = (
				5CB6A5AA2C33B251007BDA97 /* Sources */,
				5CB6A5AB2C33B251007BDA97 /* Frameworks */,
				5CB6A5AC2C33B251007BDA97 /* Resources */,
			);
			buildRules = (
			);
			dependencies = (
			);
			name = HandPoseCountingPhone;
			productName = HandPoseCountingPhone;
			productReference = 5CB6A5AE2C33B251007BDA97 /* HandPoseCountingPhone.app */;
			productType = "com.apple.product-type.application";
		};
		5CF7D1302C48A6CE00AE056C /* HandPoseTicTacToe */ = {
			isa = PBXNativeTarget;
			buildConfigurationList = 5CF7D13F2C48A6CF00AE056C /* Build configuration list for PBXNativeTarget "HandPoseTicTacToe" */;
			buildPhases = (
				5CF7D12D2C48A6CE00AE056C /* Sources */,
				5CF7D12E2C48A6CE00AE056C /* Frameworks */,
				5CF7D12F2C48A6CE00AE056C /* Resources */,
			);
			buildRules = (
			);
			dependencies = (
			);
			fileSystemSynchronizedGroups = (
				5CF7D1322C48A6CE00AE056C /* HandPoseTicTacToe */,
			);
			name = HandPoseTicTacToe;
			packageProductDependencies = (
				5CF7D1492C48A90100AE056C /* TicTacToeMinimax */,
			);
			productName = HandPoseTicTacToe;
			productReference = 5CF7D1312C48A6CE00AE056C /* HandPoseTicTacToe.app */;
			productType = "com.apple.product-type.application";
		};
/* End PBXNativeTarget section */

/* Begin PBXProject section */
		5CB6A55F2C32614F007BDA97 /* Project object */ = {
			isa = PBXProject;
			attributes = {
				BuildIndependentTargetsInParallel = 1;
				LastSwiftUpdateCheck = 1600;
				LastUpgradeCheck = 1600;
				TargetAttributes = {
					5CB6A5932C33665F007BDA97 = {
						CreatedOnToolsVersion = 16.0;
					};
					5CB6A5AD2C33B251007BDA97 = {
						CreatedOnToolsVersion = 16.0;
					};
					5CF7D1302C48A6CE00AE056C = {
						CreatedOnToolsVersion = 16.0;
					};
				};
			};
			buildConfigurationList = 5CB6A5622C32614F007BDA97 /* Build configuration list for PBXProject "HandPoseCountingTesterApp" */;
			compatibilityVersion = "Xcode 15.0";
			developmentRegion = en;
			hasScannedForEncodings = 0;
			knownRegions = (
				en,
				Base,
			);
			mainGroup = 5CB6A55E2C32614F007BDA97;
			packageReferences = (
				5C83CCA62C3E55BB00F95AB0 /* XCRemoteSwiftPackageReference "tic-tac-toe-minimax" */,
			);
			productRefGroup = 5CB6A5682C32614F007BDA97 /* Products */;
			projectDirPath = "";
			projectRoot = "";
			targets = (
				5CB6A5932C33665F007BDA97 /* HandPoseCountingMac */,
				5CB6A5AD2C33B251007BDA97 /* HandPoseCountingPhone */,
				5CF7D1302C48A6CE00AE056C /* HandPoseTicTacToe */,
			);
		};
/* End PBXProject section */

/* Begin PBXResourcesBuildPhase section */
		5CB6A5922C33665F007BDA97 /* Resources */ = {
			isa = PBXResourcesBuildPhase;
			buildActionMask = 2147483647;
			files = (
				5CB6A59E2C336661007BDA97 /* Preview Assets.xcassets in Resources */,
				5CB6A59B2C336661007BDA97 /* Assets.xcassets in Resources */,
			);
			runOnlyForDeploymentPostprocessing = 0;
		};
		5CB6A5AC2C33B251007BDA97 /* Resources */ = {
			isa = PBXResourcesBuildPhase;
			buildActionMask = 2147483647;
			files = (
				5CB6A5B82C33B253007BDA97 /* Preview Assets.xcassets in Resources */,
				5CB6A5B52C33B253007BDA97 /* Assets.xcassets in Resources */,
			);
			runOnlyForDeploymentPostprocessing = 0;
		};
		5CF7D12F2C48A6CE00AE056C /* Resources */ = {
			isa = PBXResourcesBuildPhase;
			buildActionMask = 2147483647;
			files = (
			);
			runOnlyForDeploymentPostprocessing = 0;
		};
/* End PBXResourcesBuildPhase section */

/* Begin PBXSourcesBuildPhase section */
		5CB6A5902C33665F007BDA97 /* Sources */ = {
			isa = PBXSourcesBuildPhase;
			buildActionMask = 2147483647;
			files = (
				5CB6A5C22C33C69A007BDA97 /* HandPoseImageView.swift in Sources */,
				5C5F79602C361F8B00B7BE21 /* CircularProgressView.swift in Sources */,
				5CB6A5A52C3370C4007BDA97 /* HandPoseCountingClassifier.mlmodel in Sources */,
				5CB6A5992C33665F007BDA97 /* ContentView.swift in Sources */,
				5CB6A5972C33665F007BDA97 /* HandPoseCountingMacApp.swift in Sources */,
				5CB6A5A72C3371A0007BDA97 /* HandPoseUtils.swift in Sources */,
				5CB6A5A82C3371AF007BDA97 /* HandPoseMLModel.swift in Sources */,
			);
			runOnlyForDeploymentPostprocessing = 0;
		};
		5CB6A5AA2C33B251007BDA97 /* Sources */ = {
			isa = PBXSourcesBuildPhase;
			buildActionMask = 2147483647;
			files = (
				5CB6A5C32C33C69A007BDA97 /* HandPoseImageView.swift in Sources */,
				5C5F795F2C361F8B00B7BE21 /* CircularProgressView.swift in Sources */,
				5CB6A5BE2C33B298007BDA97 /* HandPoseMLModel.swift in Sources */,
				5CB6A5BC2C33B27B007BDA97 /* ContentView.swift in Sources */,
				5CB6A5BD2C33B28F007BDA97 /* HandPoseCountingClassifier.mlmodel in Sources */,
				5CB6A5BF2C33B29E007BDA97 /* HandPoseUtils.swift in Sources */,
				5CB6A5B12C33B251007BDA97 /* HandPoseCountingPhoneApp.swift in Sources */,
			);
			runOnlyForDeploymentPostprocessing = 0;
		};
		5CF7D12D2C48A6CE00AE056C /* Sources */ = {
			isa = PBXSourcesBuildPhase;
			buildActionMask = 2147483647;
			files = (
				5CF7D1472C48A80E00AE056C /* HandPoseCountingClassifier.mlmodel in Sources */,
				5CF7D1482C48A82A00AE056C /* HandPoseImageView.swift in Sources */,
				5CF7D1452C48A7F400AE056C /* HandPoseUtils.swift in Sources */,
				5CF7D1462C48A7F400AE056C /* HandPoseMLModel.swift in Sources */,
				5CF7D1442C48A7D900AE056C /* CircularProgressView.swift in Sources */,
			);
			runOnlyForDeploymentPostprocessing = 0;
		};
/* End PBXSourcesBuildPhase section */

/* Begin XCBuildConfiguration section */
		5CB6A5732C326151007BDA97 /* Debug */ = {
			isa = XCBuildConfiguration;
			buildSettings = {
				ALWAYS_SEARCH_USER_PATHS = NO;
				ASSETCATALOG_COMPILER_GENERATE_SWIFT_ASSET_SYMBOL_EXTENSIONS = YES;
				CLANG_ANALYZER_NONNULL = YES;
				CLANG_ANALYZER_NUMBER_OBJECT_CONVERSION = YES_AGGRESSIVE;
				CLANG_CXX_LANGUAGE_STANDARD = "gnu++20";
				CLANG_ENABLE_MODULES = YES;
				CLANG_ENABLE_OBJC_ARC = YES;
				CLANG_ENABLE_OBJC_WEAK = YES;
				CLANG_WARN_BLOCK_CAPTURE_AUTORELEASING = YES;
				CLANG_WARN_BOOL_CONVERSION = YES;
				CLANG_WARN_COMMA = YES;
				CLANG_WARN_CONSTANT_CONVERSION = YES;
				CLANG_WARN_DEPRECATED_OBJC_IMPLEMENTATIONS = YES;
				CLANG_WARN_DIRECT_OBJC_ISA_USAGE = YES_ERROR;
				CLANG_WARN_DOCUMENTATION_COMMENTS = YES;
				CLANG_WARN_EMPTY_BODY = YES;
				CLANG_WARN_ENUM_CONVERSION = YES;
				CLANG_WARN_INFINITE_RECURSION = YES;
				CLANG_WARN_INT_CONVERSION = YES;
				CLANG_WARN_NON_LITERAL_NULL_CONVERSION = YES;
				CLANG_WARN_OBJC_IMPLICIT_RETAIN_SELF = YES;
				CLANG_WARN_OBJC_LITERAL_CONVERSION = YES;
				CLANG_WARN_OBJC_ROOT_CLASS = YES_ERROR;
				CLANG_WARN_QUOTED_INCLUDE_IN_FRAMEWORK_HEADER = YES;
				CLANG_WARN_RANGE_LOOP_ANALYSIS = YES;
				CLANG_WARN_STRICT_PROTOTYPES = YES;
				CLANG_WARN_SUSPICIOUS_MOVE = YES;
				CLANG_WARN_UNGUARDED_AVAILABILITY = YES_AGGRESSIVE;
				CLANG_WARN_UNREACHABLE_CODE = YES;
				CLANG_WARN__DUPLICATE_METHOD_MATCH = YES;
				COPY_PHASE_STRIP = NO;
				DEBUG_INFORMATION_FORMAT = dwarf;
				ENABLE_STRICT_OBJC_MSGSEND = YES;
				ENABLE_TESTABILITY = YES;
				ENABLE_USER_SCRIPT_SANDBOXING = YES;
				GCC_C_LANGUAGE_STANDARD = gnu17;
				GCC_DYNAMIC_NO_PIC = NO;
				GCC_NO_COMMON_BLOCKS = YES;
				GCC_OPTIMIZATION_LEVEL = 0;
				GCC_PREPROCESSOR_DEFINITIONS = (
					"DEBUG=1",
					"$(inherited)",
				);
				GCC_WARN_64_TO_32_BIT_CONVERSION = YES;
				GCC_WARN_ABOUT_RETURN_TYPE = YES_ERROR;
				GCC_WARN_UNDECLARED_SELECTOR = YES;
				GCC_WARN_UNINITIALIZED_AUTOS = YES_AGGRESSIVE;
				GCC_WARN_UNUSED_FUNCTION = YES;
				GCC_WARN_UNUSED_VARIABLE = YES;
				IPHONEOS_DEPLOYMENT_TARGET = 18.0;
				LOCALIZATION_PREFERS_STRING_CATALOGS = YES;
				MTL_ENABLE_DEBUG_INFO = INCLUDE_SOURCE;
				MTL_FAST_MATH = YES;
				ONLY_ACTIVE_ARCH = YES;
				SDKROOT = iphoneos;
				SWIFT_ACTIVE_COMPILATION_CONDITIONS = "DEBUG $(inherited)";
				SWIFT_OPTIMIZATION_LEVEL = "-Onone";
			};
			name = Debug;
		};
		5CB6A5742C326151007BDA97 /* Release */ = {
			isa = XCBuildConfiguration;
			buildSettings = {
				ALWAYS_SEARCH_USER_PATHS = NO;
				ASSETCATALOG_COMPILER_GENERATE_SWIFT_ASSET_SYMBOL_EXTENSIONS = YES;
				CLANG_ANALYZER_NONNULL = YES;
				CLANG_ANALYZER_NUMBER_OBJECT_CONVERSION = YES_AGGRESSIVE;
				CLANG_CXX_LANGUAGE_STANDARD = "gnu++20";
				CLANG_ENABLE_MODULES = YES;
				CLANG_ENABLE_OBJC_ARC = YES;
				CLANG_ENABLE_OBJC_WEAK = YES;
				CLANG_WARN_BLOCK_CAPTURE_AUTORELEASING = YES;
				CLANG_WARN_BOOL_CONVERSION = YES;
				CLANG_WARN_COMMA = YES;
				CLANG_WARN_CONSTANT_CONVERSION = YES;
				CLANG_WARN_DEPRECATED_OBJC_IMPLEMENTATIONS = YES;
				CLANG_WARN_DIRECT_OBJC_ISA_USAGE = YES_ERROR;
				CLANG_WARN_DOCUMENTATION_COMMENTS = YES;
				CLANG_WARN_EMPTY_BODY = YES;
				CLANG_WARN_ENUM_CONVERSION = YES;
				CLANG_WARN_INFINITE_RECURSION = YES;
				CLANG_WARN_INT_CONVERSION = YES;
				CLANG_WARN_NON_LITERAL_NULL_CONVERSION = YES;
				CLANG_WARN_OBJC_IMPLICIT_RETAIN_SELF = YES;
				CLANG_WARN_OBJC_LITERAL_CONVERSION = YES;
				CLANG_WARN_OBJC_ROOT_CLASS = YES_ERROR;
				CLANG_WARN_QUOTED_INCLUDE_IN_FRAMEWORK_HEADER = YES;
				CLANG_WARN_RANGE_LOOP_ANALYSIS = YES;
				CLANG_WARN_STRICT_PROTOTYPES = YES;
				CLANG_WARN_SUSPICIOUS_MOVE = YES;
				CLANG_WARN_UNGUARDED_AVAILABILITY = YES_AGGRESSIVE;
				CLANG_WARN_UNREACHABLE_CODE = YES;
				CLANG_WARN__DUPLICATE_METHOD_MATCH = YES;
				COPY_PHASE_STRIP = NO;
				DEBUG_INFORMATION_FORMAT = "dwarf-with-dsym";
				ENABLE_NS_ASSERTIONS = NO;
				ENABLE_STRICT_OBJC_MSGSEND = YES;
				ENABLE_USER_SCRIPT_SANDBOXING = YES;
				GCC_C_LANGUAGE_STANDARD = gnu17;
				GCC_NO_COMMON_BLOCKS = YES;
				GCC_WARN_64_TO_32_BIT_CONVERSION = YES;
				GCC_WARN_ABOUT_RETURN_TYPE = YES_ERROR;
				GCC_WARN_UNDECLARED_SELECTOR = YES;
				GCC_WARN_UNINITIALIZED_AUTOS = YES_AGGRESSIVE;
				GCC_WARN_UNUSED_FUNCTION = YES;
				GCC_WARN_UNUSED_VARIABLE = YES;
				IPHONEOS_DEPLOYMENT_TARGET = 18.0;
				LOCALIZATION_PREFERS_STRING_CATALOGS = YES;
				MTL_ENABLE_DEBUG_INFO = NO;
				MTL_FAST_MATH = YES;
				SDKROOT = iphoneos;
				SWIFT_COMPILATION_MODE = wholemodule;
				VALIDATE_PRODUCT = YES;
			};
			name = Release;
		};
		5CB6A5A12C336661007BDA97 /* Debug */ = {
			isa = XCBuildConfiguration;
			buildSettings = {
				ASSETCATALOG_COMPILER_APPICON_NAME = AppIcon;
				ASSETCATALOG_COMPILER_GLOBAL_ACCENT_COLOR_NAME = AccentColor;
				CODE_SIGN_ENTITLEMENTS = HandPoseCountingMac/HandPoseCountingMac.entitlements;
				CODE_SIGN_STYLE = Automatic;
				COMBINE_HIDPI_IMAGES = YES;
				CURRENT_PROJECT_VERSION = 1;
				DEVELOPMENT_ASSET_PATHS = "\"HandPoseCountingMac/Preview Content\"";
				DEVELOPMENT_TEAM = Z6UU7WL5HP;
				ENABLE_HARDENED_RUNTIME = YES;
				ENABLE_PREVIEWS = YES;
				GENERATE_INFOPLIST_FILE = YES;
				INFOPLIST_KEY_NSCameraUsageDescription = "Requires access to camera to detect hand gestures.";
				INFOPLIST_KEY_NSHumanReadableCopyright = "";
				LD_RUNPATH_SEARCH_PATHS = (
					"$(inherited)",
					"@executable_path/../Frameworks",
				);
				MACOSX_DEPLOYMENT_TARGET = 14.5;
				MARKETING_VERSION = 1.0;
				PRODUCT_BUNDLE_IDENTIFIER = com.sidekickproject.research.HandPoseCountingMac;
				PRODUCT_NAME = "$(TARGET_NAME)";
				SDKROOT = macosx;
				SWIFT_EMIT_LOC_STRINGS = YES;
				SWIFT_VERSION = 5.0;
			};
			name = Debug;
		};
		5CB6A5A22C336661007BDA97 /* Release */ = {
			isa = XCBuildConfiguration;
			buildSettings = {
				ASSETCATALOG_COMPILER_APPICON_NAME = AppIcon;
				ASSETCATALOG_COMPILER_GLOBAL_ACCENT_COLOR_NAME = AccentColor;
				CODE_SIGN_ENTITLEMENTS = HandPoseCountingMac/HandPoseCountingMac.entitlements;
				CODE_SIGN_STYLE = Automatic;
				COMBINE_HIDPI_IMAGES = YES;
				CURRENT_PROJECT_VERSION = 1;
				DEVELOPMENT_ASSET_PATHS = "\"HandPoseCountingMac/Preview Content\"";
				DEVELOPMENT_TEAM = Z6UU7WL5HP;
				ENABLE_HARDENED_RUNTIME = YES;
				ENABLE_PREVIEWS = YES;
				GENERATE_INFOPLIST_FILE = YES;
				INFOPLIST_KEY_NSCameraUsageDescription = "Requires access to camera to detect hand gestures.";
				INFOPLIST_KEY_NSHumanReadableCopyright = "";
				LD_RUNPATH_SEARCH_PATHS = (
					"$(inherited)",
					"@executable_path/../Frameworks",
				);
				MACOSX_DEPLOYMENT_TARGET = 14.5;
				MARKETING_VERSION = 1.0;
				PRODUCT_BUNDLE_IDENTIFIER = com.sidekickproject.research.HandPoseCountingMac;
				PRODUCT_NAME = "$(TARGET_NAME)";
				SDKROOT = macosx;
				SWIFT_EMIT_LOC_STRINGS = YES;
				SWIFT_VERSION = 5.0;
			};
			name = Release;
		};
		5CB6A5BA2C33B253007BDA97 /* Debug */ = {
			isa = XCBuildConfiguration;
			buildSettings = {
				ASSETCATALOG_COMPILER_APPICON_NAME = AppIcon;
				ASSETCATALOG_COMPILER_GLOBAL_ACCENT_COLOR_NAME = AccentColor;
				CODE_SIGN_STYLE = Automatic;
				CURRENT_PROJECT_VERSION = 1;
				DEVELOPMENT_ASSET_PATHS = "\"HandPoseCountingPhone/Preview Content\"";
				DEVELOPMENT_TEAM = Z6UU7WL5HP;
				ENABLE_PREVIEWS = YES;
				GENERATE_INFOPLIST_FILE = YES;
				INFOPLIST_KEY_NSCameraUsageDescription = "Required for detecting hand poses.";
				INFOPLIST_KEY_UIApplicationSceneManifest_Generation = YES;
				INFOPLIST_KEY_UIApplicationSupportsIndirectInputEvents = YES;
				INFOPLIST_KEY_UILaunchScreen_Generation = YES;
				INFOPLIST_KEY_UISupportedInterfaceOrientations = "UIInterfaceOrientationLandscapeLeft UIInterfaceOrientationLandscapeRight UIInterfaceOrientationPortrait";
				INFOPLIST_KEY_UISupportedInterfaceOrientations_iPad = "UIInterfaceOrientationLandscapeLeft UIInterfaceOrientationLandscapeRight UIInterfaceOrientationPortrait UIInterfaceOrientationPortraitUpsideDown";
				IPHONEOS_DEPLOYMENT_TARGET = 17.0;
				LD_RUNPATH_SEARCH_PATHS = (
					"$(inherited)",
					"@executable_path/Frameworks",
				);
				MARKETING_VERSION = 1.0;
				PRODUCT_BUNDLE_IDENTIFIER = com.sidekickproject.research.HandPoseCountingPhone;
				PRODUCT_NAME = "$(TARGET_NAME)";
				SUPPORTED_PLATFORMS = "iphoneos iphonesimulator";
				SUPPORTS_MACCATALYST = NO;
				SUPPORTS_MAC_DESIGNED_FOR_IPHONE_IPAD = NO;
				SUPPORTS_XR_DESIGNED_FOR_IPHONE_IPAD = NO;
				SWIFT_EMIT_LOC_STRINGS = YES;
				SWIFT_VERSION = 5.0;
				TARGETED_DEVICE_FAMILY = "1,2";
			};
			name = Debug;
		};
		5CB6A5BB2C33B253007BDA97 /* Release */ = {
			isa = XCBuildConfiguration;
			buildSettings = {
				ASSETCATALOG_COMPILER_APPICON_NAME = AppIcon;
				ASSETCATALOG_COMPILER_GLOBAL_ACCENT_COLOR_NAME = AccentColor;
				CODE_SIGN_STYLE = Automatic;
				CURRENT_PROJECT_VERSION = 1;
				DEVELOPMENT_ASSET_PATHS = "\"HandPoseCountingPhone/Preview Content\"";
				DEVELOPMENT_TEAM = Z6UU7WL5HP;
				ENABLE_PREVIEWS = YES;
				GENERATE_INFOPLIST_FILE = YES;
				INFOPLIST_KEY_NSCameraUsageDescription = "Required for detecting hand poses.";
				INFOPLIST_KEY_UIApplicationSceneManifest_Generation = YES;
				INFOPLIST_KEY_UIApplicationSupportsIndirectInputEvents = YES;
				INFOPLIST_KEY_UILaunchScreen_Generation = YES;
				INFOPLIST_KEY_UISupportedInterfaceOrientations = "UIInterfaceOrientationLandscapeLeft UIInterfaceOrientationLandscapeRight UIInterfaceOrientationPortrait";
				INFOPLIST_KEY_UISupportedInterfaceOrientations_iPad = "UIInterfaceOrientationLandscapeLeft UIInterfaceOrientationLandscapeRight UIInterfaceOrientationPortrait UIInterfaceOrientationPortraitUpsideDown";
				IPHONEOS_DEPLOYMENT_TARGET = 17.0;
				LD_RUNPATH_SEARCH_PATHS = (
					"$(inherited)",
					"@executable_path/Frameworks",
				);
				MARKETING_VERSION = 1.0;
				PRODUCT_BUNDLE_IDENTIFIER = com.sidekickproject.research.HandPoseCountingPhone;
				PRODUCT_NAME = "$(TARGET_NAME)";
				SUPPORTED_PLATFORMS = "iphoneos iphonesimulator";
				SUPPORTS_MACCATALYST = NO;
				SUPPORTS_MAC_DESIGNED_FOR_IPHONE_IPAD = NO;
				SUPPORTS_XR_DESIGNED_FOR_IPHONE_IPAD = NO;
				SWIFT_EMIT_LOC_STRINGS = YES;
				SWIFT_VERSION = 5.0;
				TARGETED_DEVICE_FAMILY = "1,2";
			};
			name = Release;
		};
		5CF7D13D2C48A6CF00AE056C /* Debug */ = {
			isa = XCBuildConfiguration;
			buildSettings = {
				ASSETCATALOG_COMPILER_APPICON_NAME = AppIcon;
				ASSETCATALOG_COMPILER_GLOBAL_ACCENT_COLOR_NAME = AccentColor;
				CODE_SIGN_ENTITLEMENTS = HandPoseTicTacToe/HandPoseTicTacToe.entitlements;
				CODE_SIGN_STYLE = Automatic;
				COMBINE_HIDPI_IMAGES = YES;
				CURRENT_PROJECT_VERSION = 1;
				DEVELOPMENT_ASSET_PATHS = "\"HandPoseTicTacToe/Preview Content\"";
				DEVELOPMENT_TEAM = Z6UU7WL5HP;
				ENABLE_HARDENED_RUNTIME = YES;
				ENABLE_PREVIEWS = YES;
				GENERATE_INFOPLIST_FILE = YES;
				INFOPLIST_KEY_NSCameraUsageDescription = "Requires access to camera to detect hand gestures.";
				INFOPLIST_KEY_NSHumanReadableCopyright = "";
				LD_RUNPATH_SEARCH_PATHS = (
					"$(inherited)",
					"@executable_path/../Frameworks",
				);
				MACOSX_DEPLOYMENT_TARGET = 14.5;
				MARKETING_VERSION = 1.0;
				PRODUCT_BUNDLE_IDENTIFIER = "com.primecoder-authors.research.HandPoseTicTacToe";
				PRODUCT_NAME = "$(TARGET_NAME)";
				SDKROOT = macosx;
				SWIFT_EMIT_LOC_STRINGS = YES;
				SWIFT_VERSION = 5.0;
			};
			name = Debug;
		};
		5CF7D13E2C48A6CF00AE056C /* Release */ = {
			isa = XCBuildConfiguration;
			buildSettings = {
				ASSETCATALOG_COMPILER_APPICON_NAME = AppIcon;
				ASSETCATALOG_COMPILER_GLOBAL_ACCENT_COLOR_NAME = AccentColor;
				CODE_SIGN_ENTITLEMENTS = HandPoseTicTacToe/HandPoseTicTacToe.entitlements;
				CODE_SIGN_STYLE = Automatic;
				COMBINE_HIDPI_IMAGES = YES;
				CURRENT_PROJECT_VERSION = 1;
				DEVELOPMENT_ASSET_PATHS = "\"HandPoseTicTacToe/Preview Content\"";
				DEVELOPMENT_TEAM = Z6UU7WL5HP;
				ENABLE_HARDENED_RUNTIME = YES;
				ENABLE_PREVIEWS = YES;
				GENERATE_INFOPLIST_FILE = YES;
				INFOPLIST_KEY_NSCameraUsageDescription = "Requires access to camera to detect hand gestures.";
				INFOPLIST_KEY_NSHumanReadableCopyright = "";
				LD_RUNPATH_SEARCH_PATHS = (
					"$(inherited)",
					"@executable_path/../Frameworks",
				);
				MACOSX_DEPLOYMENT_TARGET = 14.5;
				MARKETING_VERSION = 1.0;
				PRODUCT_BUNDLE_IDENTIFIER = "com.primecoder-authors.research.HandPoseTicTacToe";
				PRODUCT_NAME = "$(TARGET_NAME)";
				SDKROOT = macosx;
				SWIFT_EMIT_LOC_STRINGS = YES;
				SWIFT_VERSION = 5.0;
			};
			name = Release;
		};
/* End XCBuildConfiguration section */

/* Begin XCConfigurationList section */
		5CB6A5622C32614F007BDA97 /* Build configuration list for PBXProject "HandPoseCountingTesterApp" */ = {
			isa = XCConfigurationList;
			buildConfigurations = (
				5CB6A5732C326151007BDA97 /* Debug */,
				5CB6A5742C326151007BDA97 /* Release */,
			);
			defaultConfigurationIsVisible = 0;
			defaultConfigurationName = Release;
		};
		5CB6A5A02C336661007BDA97 /* Build configuration list for PBXNativeTarget "HandPoseCountingMac" */ = {
			isa = XCConfigurationList;
			buildConfigurations = (
				5CB6A5A12C336661007BDA97 /* Debug */,
				5CB6A5A22C336661007BDA97 /* Release */,
			);
			defaultConfigurationIsVisible = 0;
			defaultConfigurationName = Release;
		};
		5CB6A5B92C33B253007BDA97 /* Build configuration list for PBXNativeTarget "HandPoseCountingPhone" */ = {
			isa = XCConfigurationList;
			buildConfigurations = (
				5CB6A5BA2C33B253007BDA97 /* Debug */,
				5CB6A5BB2C33B253007BDA97 /* Release */,
			);
			defaultConfigurationIsVisible = 0;
			defaultConfigurationName = Release;
		};
		5CF7D13F2C48A6CF00AE056C /* Build configuration list for PBXNativeTarget "HandPoseTicTacToe" */ = {
			isa = XCConfigurationList;
			buildConfigurations = (
				5CF7D13D2C48A6CF00AE056C /* Debug */,
				5CF7D13E2C48A6CF00AE056C /* Release */,
			);
			defaultConfigurationIsVisible = 0;
			defaultConfigurationName = Release;
		};
/* End XCConfigurationList section */

/* Begin XCRemoteSwiftPackageReference section */
		5C83CCA62C3E55BB00F95AB0 /* XCRemoteSwiftPackageReference "tic-tac-toe-minimax" */ = {
			isa = XCRemoteSwiftPackageReference;
			repositoryURL = "https://github.com/primecoder/tic-tac-toe-minimax";
			requirement = {
				branch = main;
				kind = branch;
			};
		};
/* End XCRemoteSwiftPackageReference section */

/* Begin XCSwiftPackageProductDependency section */
		5C8230532C3E591A00A4EE4B /* TicTacToeMinimax */ = {
			isa = XCSwiftPackageProductDependency;
			package = 5C83CCA62C3E55BB00F95AB0 /* XCRemoteSwiftPackageReference "tic-tac-toe-minimax" */;
			productName = TicTacToeMinimax;
		};
		5CF7D1492C48A90100AE056C /* TicTacToeMinimax */ = {
			isa = XCSwiftPackageProductDependency;
			package = 5C83CCA62C3E55BB00F95AB0 /* XCRemoteSwiftPackageReference "tic-tac-toe-minimax" */;
			productName = TicTacToeMinimax;
		};
/* End XCSwiftPackageProductDependency section */
	};
	rootObject = 5CB6A55F2C32614F007BDA97 /* Project object */;
}
