{
  "originHash" : "f30958ce898268987ed272a87ddbe82c2d0196fed79649febf8ab17e026eb536",
  "pins" : [
    {
      "identity" : "tic-tac-toe-minimax",
      "kind" : "remoteSourceControl",
      "location" : "https://github.com/primecoder/tic-tac-toe-minimax",
      "state" : {
        "branch" : "main",
        "revision" : "0177d5671f08ee8e8a04ab6f82f7ec0861f61556"
      }
    }
  ],
  "version" : 3
}
